
Microsoft Visual Studio Solution File, Format Version 12.00
# Visual Studio Version 17
VisualStudioVersion = 17.0.31919.166
MinimumVisualStudioVersion = 10.0.40219.1
Project("{FAE04EC0-301F-11D3-BF4B-00C04F79EFBC}") = "Cipher", "Cipher\Cipher.csproj", "{6126AAEC-2C3C-4501-BCCE-EA412392936B}"
EndProject
Global
	GlobalSection(SolutionConfigurationPlatforms) = preSolution
		Debug|Any CPU = Debug|Any CPU
		Release|Any CPU = Release|Any CPU
	EndGlobalSection
	GlobalSection(ProjectConfigurationPlatforms) = postSolution
		{6126AAEC-2C3C-4501-BCCE-EA412392936B}.Debug|Any CPU.ActiveCfg = Debug|Any CPU
		{6126AAEC-2C3C-4501-BCCE-EA412392936B}.Debug|Any CPU.Build.0 = Debug|Any CPU
		{6126AAEC-2C3C-4501-BCCE-EA412392936B}.Release|Any CPU.ActiveCfg = Release|Any CPU
		{6126AAEC-2C3C-4501-BCCE-EA412392936B}.Release|Any CPU.Build.0 = Release|Any CPU
	EndGlobalSection
	GlobalSection(SolutionProperties) = preSolution
		HideSolutionNode = FALSE
	EndGlobalSection
	GlobalSection(ExtensibilityGlobals) = postSolution
		SolutionGuid = {90183A6C-F7A1-4ECD-BBED-CCC258CA4796}
	EndGlobalSection
EndGlobal
